
Microsoft Visual Studio Solution File, Format Version 12.00
# Visual Studio Version 17
VisualStudioVersion = 17.14.36121.58 d17.14
MinimumVisualStudioVersion = 10.0.40219.1
Project("{FAE04EC0-301F-11D3-BF4B-00C04F79EFBC}") = "NuGet Hello", "NuGet Hello.csproj", "{151B5324-F324-4FAF-92DA-77551934B5C3}"
EndProject
Global
	GlobalSection(SolutionConfigurationPlatforms) = preSolution
		Debug|Any CPU = Debug|Any CPU
		Release|Any CPU = Release|Any CPU
	EndGlobalSection
	GlobalSection(ProjectConfigurationPlatforms) = postSolution
		{151B5324-F324-4FAF-92DA-77551934B5C3}.Debug|Any CPU.ActiveCfg = Debug|Any CPU
		{151B5324-F324-4FAF-92DA-77551934B5C3}.Debug|Any CPU.Build.0 = Debug|Any CPU
		{151B5324-F324-4FAF-92DA-77551934B5C3}.Release|Any CPU.ActiveCfg = Release|Any CPU
		{151B5324-F324-4FAF-92DA-77551934B5C3}.Release|Any CPU.Build.0 = Release|Any CPU
	EndGlobalSection
	GlobalSection(SolutionProperties) = preSolution
		HideSolutionNode = FALSE
	EndGlobalSection
	GlobalSection(ExtensibilityGlobals) = postSolution
		SolutionGuid = {F014C0BA-610C-4227-97F0-5A389E5BFEDA}
	EndGlobalSection
EndGlobal
